
Microsoft Visual Studio Solution File, Format Version 9.00
# Visual Studio 2005
Project("{F184B08F-C81C-45F6-A57F-5ABD9991F28F}") = "Notepad", "Notepad\Notepad.vbproj", "{9F553857-2528-4D09-A78C-6D93E0F69301}"
EndProject
Global
	GlobalSection(SolutionConfigurationPlatforms) = preSolution
		Debug|Any CPU = Debug|Any CPU
		Release|Any CPU = Release|Any CPU
	EndGlobalSection
	GlobalSection(ProjectConfigurationPlatforms) = postSolution
		{9F553857-2528-4D09-A78C-6D93E0F69301}.Debug|Any CPU.ActiveCfg = Debug|Any CPU
		{9F553857-2528-4D09-A78C-6D93E0F69301}.Debug|Any CPU.Build.0 = Debug|Any CPU
		{9F553857-2528-4D09-A78C-6D93E0F69301}.Release|Any CPU.ActiveCfg = Release|Any CPU
		{9F553857-2528-4D09-A78C-6D93E0F69301}.Release|Any CPU.Build.0 = Release|Any CPU
	EndGlobalSection
	GlobalSection(SolutionProperties) = preSolution
		HideSolutionNode = FALSE
	EndGlobalSection
EndGlobal
